
Microsoft Visual Studio Solution File, Format Version 12.00
# Visual Studio Version 16
VisualStudioVersion = 16.0.29215.179
MinimumVisualStudioVersion = 10.0.40219.1
Project("{FAE04EC0-301F-11D3-BF4B-00C04F79EFBC}") = "SingletonDiceGame", "SingletonDiceGame\SingletonDiceGame.csproj", "{883CBF6B-F136-4459-AD54-93FB2DB175CB}"
EndProject
Global
	GlobalSection(SolutionConfigurationPlatforms) = preSolution
		Debug|Any CPU = Debug|Any CPU
		Release|Any CPU = Release|Any CPU
	EndGlobalSection
	GlobalSection(ProjectConfigurationPlatforms) = postSolution
		{883CBF6B-F136-4459-AD54-93FB2DB175CB}.Debug|Any CPU.ActiveCfg = Debug|Any CPU
		{883CBF6B-F136-4459-AD54-93FB2DB175CB}.Debug|Any CPU.Build.0 = Debug|Any CPU
		{883CBF6B-F136-4459-AD54-93FB2DB175CB}.Release|Any CPU.ActiveCfg = Release|Any CPU
		{883CBF6B-F136-4459-AD54-93FB2DB175CB}.Release|Any CPU.Build.0 = Release|Any CPU
	EndGlobalSection
	GlobalSection(SolutionProperties) = preSolution
		HideSolutionNode = FALSE
	EndGlobalSection
	GlobalSection(ExtensibilityGlobals) = postSolution
		SolutionGuid = {86265C62-D36E-427A-A18A-02A17F6EFBA0}
	EndGlobalSection
EndGlobal
